
Microsoft Visual Studio Solution File, Format Version 12.00
# Visual Studio Version 17
VisualStudioVersion = 17.14.36429.23 d17.14
MinimumVisualStudioVersion = 10.0.40219.1
Project("{FAE04EC0-301F-11D3-BF4B-00C04F79EFBC}") = "UniManage", "UniManage\UniManage.csproj", "{8771DD70-9E25-41A2-96EF-5E95B0723BD8}"
EndProject
Global
	GlobalSection(SolutionConfigurationPlatforms) = preSolution
		Debug|Any CPU = Debug|Any CPU
		Release|Any CPU = Release|Any CPU
	EndGlobalSection
	GlobalSection(ProjectConfigurationPlatforms) = postSolution
		{8771DD70-9E25-41A2-96EF-5E95B0723BD8}.Debug|Any CPU.ActiveCfg = Debug|Any CPU
		{8771DD70-9E25-41A2-96EF-5E95B0723BD8}.Debug|Any CPU.Build.0 = Debug|Any CPU
		{8771DD70-9E25-41A2-96EF-5E95B0723BD8}.Release|Any CPU.ActiveCfg = Release|Any CPU
		{8771DD70-9E25-41A2-96EF-5E95B0723BD8}.Release|Any CPU.Build.0 = Release|Any CPU
	EndGlobalSection
	GlobalSection(SolutionProperties) = preSolution
		HideSolutionNode = FALSE
	EndGlobalSection
	GlobalSection(ExtensibilityGlobals) = postSolution
		SolutionGuid = {1C581B0D-8827-46E6-BF4F-DDB79EB19438}
	EndGlobalSection
EndGlobal
